
Microsoft Visual Studio Solution File, Format Version 12.00
# Visual Studio 2012
Project("{8BC9CEB8-8B4A-11D0-8D11-00A0C91BC942}") = "Engine", "Engine\Engine.vcxproj", "{1A4FE7E9-979F-484B-98C4-B439581F8157}"
EndProject
Project("{8BC9CEB8-8B4A-11D0-8D11-00A0C91BC942}") = "Game", "Game\Game.vcxproj", "{62D9C55D-036A-41CD-A003-9E7210A5D45C}"
	ProjectSection(ProjectDependencies) = postProject
		{1A4FE7E9-979F-484B-98C4-B439581F8157} = {1A4FE7E9-979F-484B-98C4-B439581F8157}
	EndProjectSection
EndProject
Global
	GlobalSection(SolutionConfigurationPlatforms) = preSolution
		Debug|Win32 = Debug|Win32
		Release|Win32 = Release|Win32
	EndGlobalSection
	GlobalSection(ProjectConfigurationPlatforms) = postSolution
		{1A4FE7E9-979F-484B-98C4-B439581F8157}.Debug|Win32.ActiveCfg = Debug|Win32
		{1A4FE7E9-979F-484B-98C4-B439581F8157}.Debug|Win32.Build.0 = Debug|Win32
		{1A4FE7E9-979F-484B-98C4-B439581F8157}.Release|Win32.ActiveCfg = Release|Win32
		{1A4FE7E9-979F-484B-98C4-B439581F8157}.Release|Win32.Build.0 = Release|Win32
		{62D9C55D-036A-41CD-A003-9E7210A5D45C}.Debug|Win32.ActiveCfg = Debug|Win32
		{62D9C55D-036A-41CD-A003-9E7210A5D45C}.Debug|Win32.Build.0 = Debug|Win32
		{62D9C55D-036A-41CD-A003-9E7210A5D45C}.Release|Win32.ActiveCfg = Release|Win32
		{62D9C55D-036A-41CD-A003-9E7210A5D45C}.Release|Win32.Build.0 = Release|Win32
	EndGlobalSection
	GlobalSection(SolutionProperties) = preSolution
		HideSolutionNode = FALSE
	EndGlobalSection
EndGlobal
