<?xml version="1.0" encoding="utf-8"?>
<Project ToolsVersion="4.0" xmlns="http://schemas.microsoft.com/developer/msbuild/2003">
  <ItemGroup>
    <Filter Include="Source Files">
      <UniqueIdentifier>{4FC737F1-C7A5-4376-A066-2A32D752A2FF}</UniqueIdentifier>
      <Extensions>cpp;c;cc;cxx;def;odl;idl;hpj;bat;asm;asmx</Extensions>
    </Filter>
    <Filter Include="Header Files">
      <UniqueIdentifier>{93995380-89BD-4b04-88EB-625FBE52EBFB}</UniqueIdentifier>
      <Extensions>h;hpp;hxx;hm;inl;inc;xsd</Extensions>
    </Filter>
    <Filter Include="Header Files\Enemies">
      <UniqueIdentifier>{3cb878bb-4638-4f96-b8aa-745de64c073e}</UniqueIdentifier>
    </Filter>
    <Filter Include="Header Files\Planets">
      <UniqueIdentifier>{d4678993-6131-43c5-a985-9a609f6148ed}</UniqueIdentifier>
    </Filter>
    <Filter Include="Source Files\Particles">
      <UniqueIdentifier>{80bf0087-d592-4641-8fb6-fbdb7c949d85}</UniqueIdentifier>
    </Filter>
    <Filter Include="Source Files\DebugTools">
      <UniqueIdentifier>{ce83b016-9e07-4e66-9139-8d049870251e}</UniqueIdentifier>
    </Filter>
    <Filter Include="Source Files\DrawnObjects">
      <UniqueIdentifier>{1aca065d-25db-4012-a549-ad58aeeab207}</UniqueIdentifier>
    </Filter>
  </ItemGroup>
  <ItemGroup>
    <ClCompile Include="main.cpp">
      <Filter>Source Files</Filter>
    </ClCompile>
    <ClCompile Include="..\..\TwoDCalculator\Vector2D.cpp">
      <Filter>Source Files</Filter>
    </ClCompile>
    <ClCompile Include="..\Engine\Randomness.cpp">
      <Filter>Source Files</Filter>
    </ClCompile>
    <ClCompile Include="RandomColors.cpp">
      <Filter>Source Files</Filter>
    </ClCompile>
    <ClCompile Include="..\Engine\ParticleEffect.cpp">
      <Filter>Source Files\Particles</Filter>
    </ClCompile>
    <ClCompile Include="ParticleManager.cpp">
      <Filter>Source Files\Particles</Filter>
    </ClCompile>
    <ClCompile Include="Profile.cpp">
      <Filter>Source Files\DebugTools</Filter>
    </ClCompile>
    <ClCompile Include="Profiler.cpp">
      <Filter>Source Files\DebugTools</Filter>
    </ClCompile>
    <ClCompile Include="Timer.cpp">
      <Filter>Source Files\DebugTools</Filter>
    </ClCompile>
    <ClCompile Include="EnemyShip.cpp">
      <Filter>Source Files\DrawnObjects</Filter>
    </ClCompile>
    <ClCompile Include="EnemyShipController.cpp">
      <Filter>Source Files\DrawnObjects</Filter>
    </ClCompile>
    <ClCompile Include="PathedObject.cpp">
      <Filter>Source Files\DrawnObjects</Filter>
    </ClCompile>
    <ClCompile Include="GameObject.cpp">
      <Filter>Source Files\DrawnObjects</Filter>
    </ClCompile>
    <ClCompile Include="Planet.cpp">
      <Filter>Source Files\DrawnObjects</Filter>
    </ClCompile>
    <ClCompile Include="PlanetMaker.cpp">
      <Filter>Source Files\DrawnObjects</Filter>
    </ClCompile>
    <ClCompile Include="Shape.cpp">
      <Filter>Source Files\DrawnObjects</Filter>
    </ClCompile>
    <ClCompile Include="PlayerHealth.cpp">
      <Filter>Source Files</Filter>
    </ClCompile>
    <ClCompile Include="PlayerFuel.cpp">
      <Filter>Source Files</Filter>
    </ClCompile>
    <ClCompile Include="CashSystem.cpp">
      <Filter>Source Files</Filter>
    </ClCompile>
    <ClCompile Include="Backdrop.cpp">
      <Filter>Source Files</Filter>
    </ClCompile>
    <ClCompile Include="Upgrade.cpp">
      <Filter>Source Files</Filter>
    </ClCompile>
    <ClCompile Include="HealthPickup.cpp">
      <Filter>Source Files</Filter>
    </ClCompile>
    <ClCompile Include="GameplayFrame.cpp">
      <Filter>Source Files</Filter>
    </ClCompile>
    <ClCompile Include="OpeningFrame.cpp">
      <Filter>Source Files</Filter>
    </ClCompile>
    <ClCompile Include="Button.cpp">
      <Filter>Source Files</Filter>
    </ClCompile>
    <ClCompile Include="letterSystem.cpp">
      <Filter>Source Files</Filter>
    </ClCompile>
    <ClCompile Include="movingText.cpp">
      <Filter>Source Files</Filter>
    </ClCompile>
    <ClCompile Include="movingTextManager.cpp">
      <Filter>Source Files</Filter>
    </ClCompile>
    <ClCompile Include="Bullets.cpp">
      <Filter>Source Files</Filter>
    </ClCompile>
    <ClCompile Include="Spaceship.cpp">
      <Filter>Source Files</Filter>
    </ClCompile>
  </ItemGroup>
  <ItemGroup>
    <ClInclude Include="EnemyShip.h">
      <Filter>Header Files\Enemies</Filter>
    </ClInclude>
    <ClInclude Include="EnemyShipController.h">
      <Filter>Header Files\Enemies</Filter>
    </ClInclude>
    <ClInclude Include="..\Engine\Planet.h">
      <Filter>Header Files\Planets</Filter>
    </ClInclude>
    <ClInclude Include="PlanetMaker.h">
      <Filter>Header Files\Planets</Filter>
    </ClInclude>
    <ClInclude Include="PlayerHealth.h">
      <Filter>Header Files</Filter>
    </ClInclude>
    <ClInclude Include="PlayerFuel.h">
      <Filter>Header Files</Filter>
    </ClInclude>
    <ClInclude Include="CashSystem.h">
      <Filter>Header Files</Filter>
    </ClInclude>
    <ClInclude Include="Backdrop.h">
      <Filter>Header Files</Filter>
    </ClInclude>
    <ClInclude Include="Upgrade.h">
      <Filter>Header Files</Filter>
    </ClInclude>
    <ClInclude Include="HealthPickup.h">
      <Filter>Header Files</Filter>
    </ClInclude>
    <ClInclude Include="GameplayFrame.h">
      <Filter>Header Files</Filter>
    </ClInclude>
    <ClInclude Include="OpeningFrame.h">
      <Filter>Header Files</Filter>
    </ClInclude>
    <ClInclude Include="Button.h">
      <Filter>Header Files</Filter>
    </ClInclude>
    <ClInclude Include="letterSystem.h">
      <Filter>Header Files</Filter>
    </ClInclude>
    <ClInclude Include="movingText.h">
      <Filter>Header Files</Filter>
    </ClInclude>
    <ClInclude Include="movingTextManager.h">
      <Filter>Header Files</Filter>
    </ClInclude>
    <ClInclude Include="Bullets.h">
      <Filter>Header Files</Filter>
    </ClInclude>
    <ClInclude Include="Spaceship.h">
      <Filter>Header Files</Filter>
    </ClInclude>
  </ItemGroup>
</Project>